// !$*UTF8*$!
{
	archiveVersion = 1;
	classes = {
	};
	objectVersion = 70;
	objects = {

/* Begin PBXBuildFile section */
		046009A02C8455B20088958C /* TicCellView.swift in Sources */ = {isa = PBXBuildFile; fileRef = 0460099F2C8455B10088958C /* TicCellView.swift */; };
		046009A22C8455CF0088958C /* TicCellEnum.swift in Sources */ = {isa = PBXBuildFile; fileRef = 046009A12C8455CF0088958C /* TicCellEnum.swift */; };
		0465F4F52C806E30003DA1E7 /* TicFieldView.swift in Sources */ = {isa = PBXBuildFile; fileRef = 0465F4F42C806E30003DA1E7 /* TicFieldView.swift */; };
		046681952C89DA1F008EAEC7 /* TicGame.swift in Sources */ = {isa = PBXBuildFile; fileRef = 046681942C89DA1F008EAEC7 /* TicGame.swift */; };
		046681972C89DA85008EAEC7 /* TicSign.swift in Sources */ = {isa = PBXBuildFile; fileRef = 046681962C89DA85008EAEC7 /* TicSign.swift */; };
		046681992C89E31B008EAEC7 /* TicMatrix.swift in Sources */ = {isa = PBXBuildFile; fileRef = 046681982C89E31B008EAEC7 /* TicMatrix.swift */; };
		0466819D2C89F130008EAEC7 /* TicCoordinate.swift in Sources */ = {isa = PBXBuildFile; fileRef = 0466819C2C89F130008EAEC7 /* TicCoordinate.swift */; };
		046681A02C8A066A008EAEC7 /* Collection_safeIndex.swift in Sources */ = {isa = PBXBuildFile; fileRef = 0466819F2C8A066A008EAEC7 /* Collection_safeIndex.swift */; };
		046A4CCC2C8F286B00103F0F /* TicOptionsService.swift in Sources */ = {isa = PBXBuildFile; fileRef = 046A4CCB2C8F286B00103F0F /* TicOptionsService.swift */; };
		046A4CCE2C8F287900103F0F /* TicOptions.swift in Sources */ = {isa = PBXBuildFile; fileRef = 046A4CCD2C8F287900103F0F /* TicOptions.swift */; };
		046A4CD02C8F2C4D00103F0F /* TicOptionsServiceProtocol.swift in Sources */ = {isa = PBXBuildFile; fileRef = 046A4CCF2C8F2C4D00103F0F /* TicOptionsServiceProtocol.swift */; };
		046A4CD22C8F2CEA00103F0F /* TicGameProtocol.swift in Sources */ = {isa = PBXBuildFile; fileRef = 046A4CD12C8F2CEA00103F0F /* TicGameProtocol.swift */; };
		046A4CD42C8F41FD00103F0F /* TicGameState.swift in Sources */ = {isa = PBXBuildFile; fileRef = 046A4CD32C8F41FD00103F0F /* TicGameState.swift */; };
		047F69082C8C67ED005F167A /* TicScreenViewModel.swift in Sources */ = {isa = PBXBuildFile; fileRef = 047F69072C8C67ED005F167A /* TicScreenViewModel.swift */; };
		0482A1CB2CBEFB2C008B1202 /* LaunchFromScreenEnum.swift in Sources */ = {isa = PBXBuildFile; fileRef = 0482A1CA2CBEFB2A008B1202 /* LaunchFromScreenEnum.swift */; };
		04863AFF2C7E0D6F00AE4EAA /* Constants.swift in Sources */ = {isa = PBXBuildFile; fileRef = 04863AFE2C7E0D6F00AE4EAA /* Constants.swift */; };
		0489178A2C85D0AA001087F2 /* TicSignView.swift in Sources */ = {isa = PBXBuildFile; fileRef = 048917892C85D0AA001087F2 /* TicSignView.swift */; };
		0489178C2C85D0D3001087F2 /* TicSignType.swift in Sources */ = {isa = PBXBuildFile; fileRef = 0489178B2C85D0D3001087F2 /* TicSignType.swift */; };
		0489178E2C85F178001087F2 /* TicGridView.swift in Sources */ = {isa = PBXBuildFile; fileRef = 0489178D2C85F178001087F2 /* TicGridView.swift */; };
		0499FD452CE25E7700AB75F5 /* TicWinner.swift in Sources */ = {isa = PBXBuildFile; fileRef = 0499FD442CE25E7200AB75F5 /* TicWinner.swift */; };
		0499FD472CE261AD00AB75F5 /* TicAction.swift in Sources */ = {isa = PBXBuildFile; fileRef = 0499FD462CE261A900AB75F5 /* TicAction.swift */; };
		04C968C52C78DBBE001AA3D5 /* FeaturesAppApp.swift in Sources */ = {isa = PBXBuildFile; fileRef = 04C968C42C78DBBE001AA3D5 /* FeaturesAppApp.swift */; };
		04C968C92C78DBBF001AA3D5 /* Assets.xcassets in Resources */ = {isa = PBXBuildFile; fileRef = 04C968C82C78DBBF001AA3D5 /* Assets.xcassets */; };
		04C968CC2C78DBBF001AA3D5 /* Preview Assets.xcassets in Resources */ = {isa = PBXBuildFile; fileRef = 04C968CB2C78DBBF001AA3D5 /* Preview Assets.xcassets */; };
		04C968D32C78DCDB001AA3D5 /* SplashScreenView.swift in Sources */ = {isa = PBXBuildFile; fileRef = 04C968D22C78DCDB001AA3D5 /* SplashScreenView.swift */; };
		04C968D52C78DDDD001AA3D5 /* MainScreenView.swift in Sources */ = {isa = PBXBuildFile; fileRef = 04C968D42C78DDDD001AA3D5 /* MainScreenView.swift */; };
		04C968D72C78E048001AA3D5 /* TicScreenView.swift in Sources */ = {isa = PBXBuildFile; fileRef = 04C968D62C78E048001AA3D5 /* TicScreenView.swift */; };
/* End PBXBuildFile section */

/* Begin PBXContainerItemProxy section */
		04B3DA482D74813800128CDB /* PBXContainerItemProxy */ = {
			isa = PBXContainerItemProxy;
			containerPortal = 04C968B92C78DBBE001AA3D5 /* Project object */;
			proxyType = 1;
			remoteGlobalIDString = 04C968C02C78DBBE001AA3D5;
			remoteInfo = FeaturesApp;
		};
/* End PBXContainerItemProxy section */

/* Begin PBXFileReference section */
		0460099F2C8455B10088958C /* TicCellView.swift */ = {isa = PBXFileReference; lastKnownFileType = sourcecode.swift; path = TicCellView.swift; sourceTree = "<group>"; };
		046009A12C8455CF0088958C /* TicCellEnum.swift */ = {isa = PBXFileReference; lastKnownFileType = sourcecode.swift; path = TicCellEnum.swift; sourceTree = "<group>"; };
		0465F4F42C806E30003DA1E7 /* TicFieldView.swift */ = {isa = PBXFileReference; lastKnownFileType = sourcecode.swift; path = TicFieldView.swift; sourceTree = "<group>"; };
		046681942C89DA1F008EAEC7 /* TicGame.swift */ = {isa = PBXFileReference; lastKnownFileType = sourcecode.swift; path = TicGame.swift; sourceTree = "<group>"; };
		046681962C89DA85008EAEC7 /* TicSign.swift */ = {isa = PBXFileReference; lastKnownFileType = sourcecode.swift; path = TicSign.swift; sourceTree = "<group>"; };
		046681982C89E31B008EAEC7 /* TicMatrix.swift */ = {isa = PBXFileReference; lastKnownFileType = sourcecode.swift; path = TicMatrix.swift; sourceTree = "<group>"; };
		0466819C2C89F130008EAEC7 /* TicCoordinate.swift */ = {isa = PBXFileReference; lastKnownFileType = sourcecode.swift; path = TicCoordinate.swift; sourceTree = "<group>"; };
		0466819F2C8A066A008EAEC7 /* Collection_safeIndex.swift */ = {isa = PBXFileReference; lastKnownFileType = sourcecode.swift; path = Collection_safeIndex.swift; sourceTree = "<group>"; };
		046A4CCB2C8F286B00103F0F /* TicOptionsService.swift */ = {isa = PBXFileReference; lastKnownFileType = sourcecode.swift; path = TicOptionsService.swift; sourceTree = "<group>"; };
		046A4CCD2C8F287900103F0F /* TicOptions.swift */ = {isa = PBXFileReference; lastKnownFileType = sourcecode.swift; path = TicOptions.swift; sourceTree = "<group>"; };
		046A4CCF2C8F2C4D00103F0F /* TicOptionsServiceProtocol.swift */ = {isa = PBXFileReference; lastKnownFileType = sourcecode.swift; path = TicOptionsServiceProtocol.swift; sourceTree = "<group>"; };
		046A4CD12C8F2CEA00103F0F /* TicGameProtocol.swift */ = {isa = PBXFileReference; lastKnownFileType = sourcecode.swift; path = TicGameProtocol.swift; sourceTree = "<group>"; };
		046A4CD32C8F41FD00103F0F /* TicGameState.swift */ = {isa = PBXFileReference; lastKnownFileType = sourcecode.swift; path = TicGameState.swift; sourceTree = "<group>"; };
		047F69072C8C67ED005F167A /* TicScreenViewModel.swift */ = {isa = PBXFileReference; lastKnownFileType = sourcecode.swift; path = TicScreenViewModel.swift; sourceTree = "<group>"; };
		0482A1CA2CBEFB2A008B1202 /* LaunchFromScreenEnum.swift */ = {isa = PBXFileReference; lastKnownFileType = sourcecode.swift; path = LaunchFromScreenEnum.swift; sourceTree = "<group>"; };
		04863AFE2C7E0D6F00AE4EAA /* Constants.swift */ = {isa = PBXFileReference; lastKnownFileType = sourcecode.swift; path = Constants.swift; sourceTree = "<group>"; };
		048917892C85D0AA001087F2 /* TicSignView.swift */ = {isa = PBXFileReference; lastKnownFileType = sourcecode.swift; path = TicSignView.swift; sourceTree = "<group>"; };
		0489178B2C85D0D3001087F2 /* TicSignType.swift */ = {isa = PBXFileReference; lastKnownFileType = sourcecode.swift; path = TicSignType.swift; sourceTree = "<group>"; };
		0489178D2C85F178001087F2 /* TicGridView.swift */ = {isa = PBXFileReference; lastKnownFileType = sourcecode.swift; path = TicGridView.swift; sourceTree = "<group>"; };
		0499FD442CE25E7200AB75F5 /* TicWinner.swift */ = {isa = PBXFileReference; lastKnownFileType = sourcecode.swift; path = TicWinner.swift; sourceTree = "<group>"; };
		0499FD462CE261A900AB75F5 /* TicAction.swift */ = {isa = PBXFileReference; lastKnownFileType = sourcecode.swift; path = TicAction.swift; sourceTree = "<group>"; };
		04B3DA442D74813800128CDB /* FeaturesApp182746149dfTests.xctest */ = {isa = PBXFileReference; explicitFileType = wrapper.cfbundle; includeInIndex = 0; path = FeaturesApp182746149dfTests.xctest; sourceTree = BUILT_PRODUCTS_DIR; };
		04C968C12C78DBBE001AA3D5 /* FeaturesApp182746149df.app */ = {isa = PBXFileReference; explicitFileType = wrapper.application; includeInIndex = 0; path = FeaturesApp182746149df.app; sourceTree = BUILT_PRODUCTS_DIR; };
		04C968C42C78DBBE001AA3D5 /* FeaturesAppApp.swift */ = {isa = PBXFileReference; lastKnownFileType = sourcecode.swift; path = FeaturesAppApp.swift; sourceTree = "<group>"; };
		04C968C82C78DBBF001AA3D5 /* Assets.xcassets */ = {isa = PBXFileReference; lastKnownFileType = folder.assetcatalog; path = Assets.xcassets; sourceTree = "<group>"; };
		04C968CB2C78DBBF001AA3D5 /* Preview Assets.xcassets */ = {isa = PBXFileReference; lastKnownFileType = folder.assetcatalog; path = "Preview Assets.xcassets"; sourceTree = "<group>"; };
		04C968D22C78DCDB001AA3D5 /* SplashScreenView.swift */ = {isa = PBXFileReference; lastKnownFileType = sourcecode.swift; path = SplashScreenView.swift; sourceTree = "<group>"; };
		04C968D42C78DDDD001AA3D5 /* MainScreenView.swift */ = {isa = PBXFileReference; lastKnownFileType = sourcecode.swift; path = MainScreenView.swift; sourceTree = "<group>"; };
		04C968D62C78E048001AA3D5 /* TicScreenView.swift */ = {isa = PBXFileReference; lastKnownFileType = sourcecode.swift; path = TicScreenView.swift; sourceTree = "<group>"; };
/* End PBXFileReference section */

/* Begin PBXFileSystemSynchronizedRootGroup section */
		04B3DA452D74813800128CDB /* FeaturesApp182746149dfTests */ = {isa = PBXFileSystemSynchronizedRootGroup; explicitFileTypes = {}; explicitFolders = (); path = FeaturesApp182746149dfTests; sourceTree = "<group>"; };
/* End PBXFileSystemSynchronizedRootGroup section */

/* Begin PBXFrameworksBuildPhase section */
		04B3DA412D74813800128CDB /* Frameworks */ = {
			isa = PBXFrameworksBuildPhase;
			buildActionMask = 2147483647;
			files = (
			);
			runOnlyForDeploymentPostprocessing = 0;
		};
		04C968BE2C78DBBE001AA3D5 /* Frameworks */ = {
			isa = PBXFrameworksBuildPhase;
			buildActionMask = 2147483647;
			files = (
			);
			runOnlyForDeploymentPostprocessing = 0;
		};
/* End PBXFrameworksBuildPhase section */

/* Begin PBXGroup section */
		045BD6EE2C908ACF00C897F7 /* TicOptions */ = {
			isa = PBXGroup;
			children = (
				046A4CCF2C8F2C4D00103F0F /* TicOptionsServiceProtocol.swift */,
				046A4CCB2C8F286B00103F0F /* TicOptionsService.swift */,
				046A4CCD2C8F287900103F0F /* TicOptions.swift */,
			);
			path = TicOptions;
			sourceTree = "<group>";
		};
		0460099D2C8455850088958C /* TicTacToe */ = {
			isa = PBXGroup;
			children = (
				047F69092C8C6A04005F167A /* TicScreenView */,
				045BD6EE2C908ACF00C897F7 /* TicOptions */,
				046A4CD52C8F56C700103F0F /* TicModel */,
				046681922C89D9F4008EAEC7 /* TicUI */,
				046681932C89DA01008EAEC7 /* TicLogic */,
			);
			path = TicTacToe;
			sourceTree = "<group>";
		};
		0460099E2C84559A0088958C /* TicCellView */ = {
			isa = PBXGroup;
			children = (
				0460099F2C8455B10088958C /* TicCellView.swift */,
				046009A12C8455CF0088958C /* TicCellEnum.swift */,
				048917892C85D0AA001087F2 /* TicSignView.swift */,
			);
			path = TicCellView;
			sourceTree = "<group>";
		};
		046681922C89D9F4008EAEC7 /* TicUI */ = {
			isa = PBXGroup;
			children = (
				0465F4F42C806E30003DA1E7 /* TicFieldView.swift */,
				0489178D2C85F178001087F2 /* TicGridView.swift */,
				0460099E2C84559A0088958C /* TicCellView */,
			);
			path = TicUI;
			sourceTree = "<group>";
		};
		046681932C89DA01008EAEC7 /* TicLogic */ = {
			isa = PBXGroup;
			children = (
				04B3DA3E2D747CA100128CDB /* Protocols */,
				04B3DA3D2D747C8600128CDB /* Model */,
				046681942C89DA1F008EAEC7 /* TicGame.swift */,
				046681982C89E31B008EAEC7 /* TicMatrix.swift */,
			);
			path = TicLogic;
			sourceTree = "<group>";
		};
		0466819E2C8A0647008EAEC7 /* Utils */ = {
			isa = PBXGroup;
			children = (
				0466819F2C8A066A008EAEC7 /* Collection_safeIndex.swift */,
			);
			path = Utils;
			sourceTree = "<group>";
		};
		046A4CD52C8F56C700103F0F /* TicModel */ = {
			isa = PBXGroup;
			children = (
				0489178B2C85D0D3001087F2 /* TicSignType.swift */,
			);
			path = TicModel;
			sourceTree = "<group>";
		};
		047F69092C8C6A04005F167A /* TicScreenView */ = {
			isa = PBXGroup;
			children = (
				04C968D62C78E048001AA3D5 /* TicScreenView.swift */,
				047F69072C8C67ED005F167A /* TicScreenViewModel.swift */,
			);
			path = TicScreenView;
			sourceTree = "<group>";
		};
		04B3DA3D2D747C8600128CDB /* Model */ = {
			isa = PBXGroup;
			children = (
				046A4CD32C8F41FD00103F0F /* TicGameState.swift */,
				0499FD442CE25E7200AB75F5 /* TicWinner.swift */,
				0499FD462CE261A900AB75F5 /* TicAction.swift */,
				046681962C89DA85008EAEC7 /* TicSign.swift */,
				0466819C2C89F130008EAEC7 /* TicCoordinate.swift */,
			);
			path = Model;
			sourceTree = "<group>";
		};
		04B3DA3E2D747CA100128CDB /* Protocols */ = {
			isa = PBXGroup;
			children = (
				046A4CD12C8F2CEA00103F0F /* TicGameProtocol.swift */,
			);
			path = Protocols;
			sourceTree = "<group>";
		};
		04C968B82C78DBBE001AA3D5 = {
			isa = PBXGroup;
			children = (
				04C968C32C78DBBE001AA3D5 /* FeaturesApp */,
				04B3DA452D74813800128CDB /* FeaturesApp182746149dfTests */,
				04C968C22C78DBBE001AA3D5 /* Products */,
			);
			sourceTree = "<group>";
		};
		04C968C22C78DBBE001AA3D5 /* Products */ = {
			isa = PBXGroup;
			children = (
				04C968C12C78DBBE001AA3D5 /* FeaturesApp182746149df.app */,
				04B3DA442D74813800128CDB /* FeaturesApp182746149dfTests.xctest */,
			);
			name = Products;
			sourceTree = "<group>";
		};
		04C968C32C78DBBE001AA3D5 /* FeaturesApp */ = {
			isa = PBXGroup;
			children = (
				0466819E2C8A0647008EAEC7 /* Utils */,
				04863AFE2C7E0D6F00AE4EAA /* Constants.swift */,
				0482A1CA2CBEFB2A008B1202 /* LaunchFromScreenEnum.swift */,
				04C968C42C78DBBE001AA3D5 /* FeaturesAppApp.swift */,
				04C968D22C78DCDB001AA3D5 /* SplashScreenView.swift */,
				04C968D42C78DDDD001AA3D5 /* MainScreenView.swift */,
				0460099D2C8455850088958C /* TicTacToe */,
				04C968C82C78DBBF001AA3D5 /* Assets.xcassets */,
				04C968CA2C78DBBF001AA3D5 /* Preview Content */,
			);
			path = FeaturesApp;
			sourceTree = "<group>";
		};
		04C968CA2C78DBBF001AA3D5 /* Preview Content */ = {
			isa = PBXGroup;
			children = (
				04C968CB2C78DBBF001AA3D5 /* Preview Assets.xcassets */,
			);
			path = "Preview Content";
			sourceTree = "<group>";
		};
/* End PBXGroup section */

/* Begin PBXNativeTarget section */
		04B3DA432D74813800128CDB /* FeaturesApp182746149dfTests */ = {
			isa = PBXNativeTarget;
			buildConfigurationList = 04B3DA4A2D74813800128CDB /* Build configuration list for PBXNativeTarget "FeaturesApp182746149dfTests" */;
			buildPhases = (
				04B3DA402D74813800128CDB /* Sources */,
				04B3DA412D74813800128CDB /* Frameworks */,
				04B3DA422D74813800128CDB /* Resources */,
			);
			buildRules = (
			);
			dependencies = (
				04B3DA492D74813800128CDB /* PBXTargetDependency */,
			);
			fileSystemSynchronizedGroups = (
				04B3DA452D74813800128CDB /* FeaturesApp182746149dfTests */,
			);
			name = FeaturesApp182746149dfTests;
			packageProductDependencies = (
			);
			productName = FeaturesApp182746149dfTests;
			productReference = 04B3DA442D74813800128CDB /* FeaturesApp182746149dfTests.xctest */;
			productType = "com.apple.product-type.bundle.unit-test";
		};
		04C968C02C78DBBE001AA3D5 /* FeaturesApp */ = {
			isa = PBXNativeTarget;
			buildConfigurationList = 04C968CF2C78DBBF001AA3D5 /* Build configuration list for PBXNativeTarget "FeaturesApp" */;
			buildPhases = (
				04C968BD2C78DBBE001AA3D5 /* Sources */,
				04C968BE2C78DBBE001AA3D5 /* Frameworks */,
				04C968BF2C78DBBE001AA3D5 /* Resources */,
			);
			buildRules = (
			);
			dependencies = (
			);
			name = FeaturesApp;
			productName = FeaturesApp;
			productReference = 04C968C12C78DBBE001AA3D5 /* FeaturesApp182746149df.app */;
			productType = "com.apple.product-type.application";
		};
/* End PBXNativeTarget section */

/* Begin PBXProject section */
		04C968B92C78DBBE001AA3D5 /* Project object */ = {
			isa = PBXProject;
			attributes = {
				BuildIndependentTargetsInParallel = 1;
				LastSwiftUpdateCheck = 1600;
				LastUpgradeCheck = 1520;
				TargetAttributes = {
					04B3DA432D74813800128CDB = {
						CreatedOnToolsVersion = 16.0;
						TestTargetID = 04C968C02C78DBBE001AA3D5;
					};
					04C968C02C78DBBE001AA3D5 = {
						CreatedOnToolsVersion = 15.2;
					};
				};
			};
			buildConfigurationList = 04C968BC2C78DBBE001AA3D5 /* Build configuration list for PBXProject "FeaturesApp" */;
			compatibilityVersion = "Xcode 14.0";
			developmentRegion = en;
			hasScannedForEncodings = 0;
			knownRegions = (
				en,
				Base,
			);
			mainGroup = 04C968B82C78DBBE001AA3D5;
			productRefGroup = 04C968C22C78DBBE001AA3D5 /* Products */;
			projectDirPath = "";
			projectRoot = "";
			targets = (
				04C968C02C78DBBE001AA3D5 /* FeaturesApp */,
				04B3DA432D74813800128CDB /* FeaturesApp182746149dfTests */,
			);
		};
/* End PBXProject section */

/* Begin PBXResourcesBuildPhase section */
		04B3DA422D74813800128CDB /* Resources */ = {
			isa = PBXResourcesBuildPhase;
			buildActionMask = 2147483647;
			files = (
			);
			runOnlyForDeploymentPostprocessing = 0;
		};
		04C968BF2C78DBBE001AA3D5 /* Resources */ = {
			isa = PBXResourcesBuildPhase;
			buildActionMask = 2147483647;
			files = (
				04C968CC2C78DBBF001AA3D5 /* Preview Assets.xcassets in Resources */,
				04C968C92C78DBBF001AA3D5 /* Assets.xcassets in Resources */,
			);
			runOnlyForDeploymentPostprocessing = 0;
		};
/* End PBXResourcesBuildPhase section */

/* Begin PBXSourcesBuildPhase section */
		04B3DA402D74813800128CDB /* Sources */ = {
			isa = PBXSourcesBuildPhase;
			buildActionMask = 2147483647;
			files = (
			);
			runOnlyForDeploymentPostprocessing = 0;
		};
		04C968BD2C78DBBE001AA3D5 /* Sources */ = {
			isa = PBXSourcesBuildPhase;
			buildActionMask = 2147483647;
			files = (
				0465F4F52C806E30003DA1E7 /* TicFieldView.swift in Sources */,
				046681972C89DA85008EAEC7 /* TicSign.swift in Sources */,
				0489178E2C85F178001087F2 /* TicGridView.swift in Sources */,
				0482A1CB2CBEFB2C008B1202 /* LaunchFromScreenEnum.swift in Sources */,
				0489178C2C85D0D3001087F2 /* TicSignType.swift in Sources */,
				04C968C52C78DBBE001AA3D5 /* FeaturesAppApp.swift in Sources */,
				0489178A2C85D0AA001087F2 /* TicSignView.swift in Sources */,
				046009A22C8455CF0088958C /* TicCellEnum.swift in Sources */,
				046681A02C8A066A008EAEC7 /* Collection_safeIndex.swift in Sources */,
				046A4CD42C8F41FD00103F0F /* TicGameState.swift in Sources */,
				04C968D32C78DCDB001AA3D5 /* SplashScreenView.swift in Sources */,
				04C968D52C78DDDD001AA3D5 /* MainScreenView.swift in Sources */,
				04863AFF2C7E0D6F00AE4EAA /* Constants.swift in Sources */,
				046681992C89E31B008EAEC7 /* TicMatrix.swift in Sources */,
				0499FD472CE261AD00AB75F5 /* TicAction.swift in Sources */,
				046A4CCE2C8F287900103F0F /* TicOptions.swift in Sources */,
				046A4CD22C8F2CEA00103F0F /* TicGameProtocol.swift in Sources */,
				046A4CD02C8F2C4D00103F0F /* TicOptionsServiceProtocol.swift in Sources */,
				04C968D72C78E048001AA3D5 /* TicScreenView.swift in Sources */,
				046A4CCC2C8F286B00103F0F /* TicOptionsService.swift in Sources */,
				046681952C89DA1F008EAEC7 /* TicGame.swift in Sources */,
				046009A02C8455B20088958C /* TicCellView.swift in Sources */,
				0499FD452CE25E7700AB75F5 /* TicWinner.swift in Sources */,
				047F69082C8C67ED005F167A /* TicScreenViewModel.swift in Sources */,
				0466819D2C89F130008EAEC7 /* TicCoordinate.swift in Sources */,
			);
			runOnlyForDeploymentPostprocessing = 0;
		};
/* End PBXSourcesBuildPhase section */

/* Begin PBXTargetDependency section */
		04B3DA492D74813800128CDB /* PBXTargetDependency */ = {
			isa = PBXTargetDependency;
			target = 04C968C02C78DBBE001AA3D5 /* FeaturesApp */;
			targetProxy = 04B3DA482D74813800128CDB /* PBXContainerItemProxy */;
		};
/* End PBXTargetDependency section */

/* Begin XCBuildConfiguration section */
		04B3DA4B2D74813800128CDB /* Debug */ = {
			isa = XCBuildConfiguration;
			buildSettings = {
				BUNDLE_LOADER = "$(TEST_HOST)";
				CODE_SIGN_STYLE = Automatic;
				CURRENT_PROJECT_VERSION = 1;
				DEVELOPMENT_TEAM = 8JYKW346TU;
				GENERATE_INFOPLIST_FILE = YES;
				IPHONEOS_DEPLOYMENT_TARGET = 18.0;
				MARKETING_VERSION = 1.0;
				PRODUCT_BUNDLE_IDENTIFIER = com.ojexsoft.FeaturesApp182746149dfTests;
				PRODUCT_NAME = "$(TARGET_NAME)";
				SWIFT_EMIT_LOC_STRINGS = NO;
				SWIFT_VERSION = 5.0;
				TARGETED_DEVICE_FAMILY = "1,2";
				TEST_HOST = "$(BUILT_PRODUCTS_DIR)/FeaturesApp182746149df.app/$(BUNDLE_EXECUTABLE_FOLDER_PATH)/FeaturesApp182746149df";
			};
			name = Debug;
		};
		04B3DA4C2D74813800128CDB /* Release */ = {
			isa = XCBuildConfiguration;
			buildSettings = {
				BUNDLE_LOADER = "$(TEST_HOST)";
				CODE_SIGN_STYLE = Automatic;
				CURRENT_PROJECT_VERSION = 1;
				DEVELOPMENT_TEAM = 8JYKW346TU;
				GENERATE_INFOPLIST_FILE = YES;
				IPHONEOS_DEPLOYMENT_TARGET = 18.0;
				MARKETING_VERSION = 1.0;
				PRODUCT_BUNDLE_IDENTIFIER = com.ojexsoft.FeaturesApp182746149dfTests;
				PRODUCT_NAME = "$(TARGET_NAME)";
				SWIFT_EMIT_LOC_STRINGS = NO;
				SWIFT_VERSION = 5.0;
				TARGETED_DEVICE_FAMILY = "1,2";
				TEST_HOST = "$(BUILT_PRODUCTS_DIR)/FeaturesApp182746149df.app/$(BUNDLE_EXECUTABLE_FOLDER_PATH)/FeaturesApp182746149df";
			};
			name = Release;
		};
		04C968CD2C78DBBF001AA3D5 /* Debug */ = {
			isa = XCBuildConfiguration;
			buildSettings = {
				ALWAYS_SEARCH_USER_PATHS = NO;
				ASSETCATALOG_COMPILER_GENERATE_SWIFT_ASSET_SYMBOL_EXTENSIONS = YES;
				CLANG_ANALYZER_NONNULL = YES;
				CLANG_ANALYZER_NUMBER_OBJECT_CONVERSION = YES_AGGRESSIVE;
				CLANG_CXX_LANGUAGE_STANDARD = "gnu++20";
				CLANG_ENABLE_MODULES = YES;
				CLANG_ENABLE_OBJC_ARC = YES;
				CLANG_ENABLE_OBJC_WEAK = YES;
				CLANG_WARN_BLOCK_CAPTURE_AUTORELEASING = YES;
				CLANG_WARN_BOOL_CONVERSION = YES;
				CLANG_WARN_COMMA = YES;
				CLANG_WARN_CONSTANT_CONVERSION = YES;
				CLANG_WARN_DEPRECATED_OBJC_IMPLEMENTATIONS = YES;
				CLANG_WARN_DIRECT_OBJC_ISA_USAGE = YES_ERROR;
				CLANG_WARN_DOCUMENTATION_COMMENTS = YES;
				CLANG_WARN_EMPTY_BODY = YES;
				CLANG_WARN_ENUM_CONVERSION = YES;
				CLANG_WARN_INFINITE_RECURSION = YES;
				CLANG_WARN_INT_CONVERSION = YES;
				CLANG_WARN_NON_LITERAL_NULL_CONVERSION = YES;
				CLANG_WARN_OBJC_IMPLICIT_RETAIN_SELF = YES;
				CLANG_WARN_OBJC_LITERAL_CONVERSION = YES;
				CLANG_WARN_OBJC_ROOT_CLASS = YES_ERROR;
				CLANG_WARN_QUOTED_INCLUDE_IN_FRAMEWORK_HEADER = YES;
				CLANG_WARN_RANGE_LOOP_ANALYSIS = YES;
				CLANG_WARN_STRICT_PROTOTYPES = YES;
				CLANG_WARN_SUSPICIOUS_MOVE = YES;
				CLANG_WARN_UNGUARDED_AVAILABILITY = YES_AGGRESSIVE;
				CLANG_WARN_UNREACHABLE_CODE = YES;
				CLANG_WARN__DUPLICATE_METHOD_MATCH = YES;
				COPY_PHASE_STRIP = NO;
				DEBUG_INFORMATION_FORMAT = dwarf;
				ENABLE_STRICT_OBJC_MSGSEND = YES;
				ENABLE_TESTABILITY = YES;
				ENABLE_USER_SCRIPT_SANDBOXING = YES;
				GCC_C_LANGUAGE_STANDARD = gnu17;
				GCC_DYNAMIC_NO_PIC = NO;
				GCC_NO_COMMON_BLOCKS = YES;
				GCC_OPTIMIZATION_LEVEL = 0;
				GCC_PREPROCESSOR_DEFINITIONS = (
					"DEBUG=1",
					"$(inherited)",
				);
				GCC_WARN_64_TO_32_BIT_CONVERSION = YES;
				GCC_WARN_ABOUT_RETURN_TYPE = YES_ERROR;
				GCC_WARN_UNDECLARED_SELECTOR = YES;
				GCC_WARN_UNINITIALIZED_AUTOS = YES_AGGRESSIVE;
				GCC_WARN_UNUSED_FUNCTION = YES;
				GCC_WARN_UNUSED_VARIABLE = YES;
				IPHONEOS_DEPLOYMENT_TARGET = 17.2;
				LOCALIZATION_PREFERS_STRING_CATALOGS = YES;
				MTL_ENABLE_DEBUG_INFO = INCLUDE_SOURCE;
				MTL_FAST_MATH = YES;
				ONLY_ACTIVE_ARCH = YES;
				SDKROOT = iphoneos;
				SWIFT_ACTIVE_COMPILATION_CONDITIONS = "DEBUG $(inherited)";
				SWIFT_OPTIMIZATION_LEVEL = "-Onone";
			};
			name = Debug;
		};
		04C968CE2C78DBBF001AA3D5 /* Release */ = {
			isa = XCBuildConfiguration;
			buildSettings = {
				ALWAYS_SEARCH_USER_PATHS = NO;
				ASSETCATALOG_COMPILER_GENERATE_SWIFT_ASSET_SYMBOL_EXTENSIONS = YES;
				CLANG_ANALYZER_NONNULL = YES;
				CLANG_ANALYZER_NUMBER_OBJECT_CONVERSION = YES_AGGRESSIVE;
				CLANG_CXX_LANGUAGE_STANDARD = "gnu++20";
				CLANG_ENABLE_MODULES = YES;
				CLANG_ENABLE_OBJC_ARC = YES;
				CLANG_ENABLE_OBJC_WEAK = YES;
				CLANG_WARN_BLOCK_CAPTURE_AUTORELEASING = YES;
				CLANG_WARN_BOOL_CONVERSION = YES;
				CLANG_WARN_COMMA = YES;
				CLANG_WARN_CONSTANT_CONVERSION = YES;
				CLANG_WARN_DEPRECATED_OBJC_IMPLEMENTATIONS = YES;
				CLANG_WARN_DIRECT_OBJC_ISA_USAGE = YES_ERROR;
				CLANG_WARN_DOCUMENTATION_COMMENTS = YES;
				CLANG_WARN_EMPTY_BODY = YES;
				CLANG_WARN_ENUM_CONVERSION = YES;
				CLANG_WARN_INFINITE_RECURSION = YES;
				CLANG_WARN_INT_CONVERSION = YES;
				CLANG_WARN_NON_LITERAL_NULL_CONVERSION = YES;
				CLANG_WARN_OBJC_IMPLICIT_RETAIN_SELF = YES;
				CLANG_WARN_OBJC_LITERAL_CONVERSION = YES;
				CLANG_WARN_OBJC_ROOT_CLASS = YES_ERROR;
				CLANG_WARN_QUOTED_INCLUDE_IN_FRAMEWORK_HEADER = YES;
				CLANG_WARN_RANGE_LOOP_ANALYSIS = YES;
				CLANG_WARN_STRICT_PROTOTYPES = YES;
				CLANG_WARN_SUSPICIOUS_MOVE = YES;
				CLANG_WARN_UNGUARDED_AVAILABILITY = YES_AGGRESSIVE;
				CLANG_WARN_UNREACHABLE_CODE = YES;
				CLANG_WARN__DUPLICATE_METHOD_MATCH = YES;
				COPY_PHASE_STRIP = NO;
				DEBUG_INFORMATION_FORMAT = "dwarf-with-dsym";
				ENABLE_NS_ASSERTIONS = NO;
				ENABLE_STRICT_OBJC_MSGSEND = YES;
				ENABLE_USER_SCRIPT_SANDBOXING = YES;
				GCC_C_LANGUAGE_STANDARD = gnu17;
				GCC_NO_COMMON_BLOCKS = YES;
				GCC_WARN_64_TO_32_BIT_CONVERSION = YES;
				GCC_WARN_ABOUT_RETURN_TYPE = YES_ERROR;
				GCC_WARN_UNDECLARED_SELECTOR = YES;
				GCC_WARN_UNINITIALIZED_AUTOS = YES_AGGRESSIVE;
				GCC_WARN_UNUSED_FUNCTION = YES;
				GCC_WARN_UNUSED_VARIABLE = YES;
				IPHONEOS_DEPLOYMENT_TARGET = 17.2;
				LOCALIZATION_PREFERS_STRING_CATALOGS = YES;
				MTL_ENABLE_DEBUG_INFO = NO;
				MTL_FAST_MATH = YES;
				SDKROOT = iphoneos;
				SWIFT_COMPILATION_MODE = wholemodule;
				VALIDATE_PRODUCT = YES;
			};
			name = Release;
		};
		04C968D02C78DBBF001AA3D5 /* Debug */ = {
			isa = XCBuildConfiguration;
			buildSettings = {
				ASSETCATALOG_COMPILER_APPICON_NAME = AppIcon;
				ASSETCATALOG_COMPILER_GLOBAL_ACCENT_COLOR_NAME = AccentColor;
				CODE_SIGN_STYLE = Automatic;
				CURRENT_PROJECT_VERSION = 1;
				DEVELOPMENT_ASSET_PATHS = "\"FeaturesApp/Preview Content\"";
				DEVELOPMENT_TEAM = 8JYKW346TU;
				ENABLE_PREVIEWS = YES;
				GENERATE_INFOPLIST_FILE = YES;
				INFOPLIST_KEY_UIApplicationSceneManifest_Generation = YES;
				INFOPLIST_KEY_UIApplicationSupportsIndirectInputEvents = YES;
				INFOPLIST_KEY_UILaunchScreen_Generation = YES;
				INFOPLIST_KEY_UISupportedInterfaceOrientations_iPad = "UIInterfaceOrientationPortrait UIInterfaceOrientationPortraitUpsideDown UIInterfaceOrientationLandscapeLeft UIInterfaceOrientationLandscapeRight";
				INFOPLIST_KEY_UISupportedInterfaceOrientations_iPhone = "UIInterfaceOrientationPortrait UIInterfaceOrientationLandscapeLeft UIInterfaceOrientationLandscapeRight";
				IPHONEOS_DEPLOYMENT_TARGET = 16.6;
				LD_RUNPATH_SEARCH_PATHS = (
					"$(inherited)",
					"@executable_path/Frameworks",
				);
				MARKETING_VERSION = 1.0;
				PRODUCT_BUNDLE_IDENTIFIER = com.ojexsoft.FeaturesApp;
				PRODUCT_NAME = FeaturesApp182746149df;
				SWIFT_EMIT_LOC_STRINGS = YES;
				SWIFT_VERSION = 5.0;
				TARGETED_DEVICE_FAMILY = "1,2";
			};
			name = Debug;
		};
		04C968D12C78DBBF001AA3D5 /* Release */ = {
			isa = XCBuildConfiguration;
			buildSettings = {
				ASSETCATALOG_COMPILER_APPICON_NAME = AppIcon;
				ASSETCATALOG_COMPILER_GLOBAL_ACCENT_COLOR_NAME = AccentColor;
				CODE_SIGN_STYLE = Automatic;
				CURRENT_PROJECT_VERSION = 1;
				DEVELOPMENT_ASSET_PATHS = "\"FeaturesApp/Preview Content\"";
				DEVELOPMENT_TEAM = 8JYKW346TU;
				ENABLE_PREVIEWS = YES;
				GENERATE_INFOPLIST_FILE = YES;
				INFOPLIST_KEY_UIApplicationSceneManifest_Generation = YES;
				INFOPLIST_KEY_UIApplicationSupportsIndirectInputEvents = YES;
				INFOPLIST_KEY_UILaunchScreen_Generation = YES;
				INFOPLIST_KEY_UISupportedInterfaceOrientations_iPad = "UIInterfaceOrientationPortrait UIInterfaceOrientationPortraitUpsideDown UIInterfaceOrientationLandscapeLeft UIInterfaceOrientationLandscapeRight";
				INFOPLIST_KEY_UISupportedInterfaceOrientations_iPhone = "UIInterfaceOrientationPortrait UIInterfaceOrientationLandscapeLeft UIInterfaceOrientationLandscapeRight";
				IPHONEOS_DEPLOYMENT_TARGET = 16.6;
				LD_RUNPATH_SEARCH_PATHS = (
					"$(inherited)",
					"@executable_path/Frameworks",
				);
				MARKETING_VERSION = 1.0;
				PRODUCT_BUNDLE_IDENTIFIER = com.ojexsoft.FeaturesApp;
				PRODUCT_NAME = FeaturesApp182746149df;
				SWIFT_EMIT_LOC_STRINGS = YES;
				SWIFT_VERSION = 5.0;
				TARGETED_DEVICE_FAMILY = "1,2";
			};
			name = Release;
		};
/* End XCBuildConfiguration section */

/* Begin XCConfigurationList section */
		04B3DA4A2D74813800128CDB /* Build configuration list for PBXNativeTarget "FeaturesApp182746149dfTests" */ = {
			isa = XCConfigurationList;
			buildConfigurations = (
				04B3DA4B2D74813800128CDB /* Debug */,
				04B3DA4C2D74813800128CDB /* Release */,
			);
			defaultConfigurationIsVisible = 0;
			defaultConfigurationName = Release;
		};
		04C968BC2C78DBBE001AA3D5 /* Build configuration list for PBXProject "FeaturesApp" */ = {
			isa = XCConfigurationList;
			buildConfigurations = (
				04C968CD2C78DBBF001AA3D5 /* Debug */,
				04C968CE2C78DBBF001AA3D5 /* Release */,
			);
			defaultConfigurationIsVisible = 0;
			defaultConfigurationName = Release;
		};
		04C968CF2C78DBBF001AA3D5 /* Build configuration list for PBXNativeTarget "FeaturesApp" */ = {
			isa = XCConfigurationList;
			buildConfigurations = (
				04C968D02C78DBBF001AA3D5 /* Debug */,
				04C968D12C78DBBF001AA3D5 /* Release */,
			);
			defaultConfigurationIsVisible = 0;
			defaultConfigurationName = Release;
		};
/* End XCConfigurationList section */
	};
	rootObject = 04C968B92C78DBBE001AA3D5 /* Project object */;
}
